
Microsoft Visual Studio Solution File, Format Version 12.00
# Visual Studio Version 16
VisualStudioVersion = 16.0.31129.286
MinimumVisualStudioVersion = 10.0.40219.1
Project("{9A19103F-16F7-4668-BE54-9A1E7A4F7556}") = "ConsoleStringSearch", "ConsoleStringSearch\ConsoleStringSearch.csproj", "{DD2C7E32-897F-461A-BFF1-8C0E627C9E4A}"
EndProject
Project("{2150E333-8FDC-42A3-9474-1A3956D46DE8}") = "Solution Items", "Solution Items", "{73322B99-9D22-4D21-AC9C-22BB32B041B0}"
	ProjectSection(SolutionItems) = preProject
		.editorconfig = .editorconfig
	EndProjectSection
EndProject
Global
	GlobalSection(SolutionConfigurationPlatforms) = preSolution
		Debug|Any CPU = Debug|Any CPU
		Release|Any CPU = Release|Any CPU
	EndGlobalSection
	GlobalSection(ProjectConfigurationPlatforms) = postSolution
		{DD2C7E32-897F-461A-BFF1-8C0E627C9E4A}.Debug|Any CPU.ActiveCfg = Debug|Any CPU
		{DD2C7E32-897F-461A-BFF1-8C0E627C9E4A}.Debug|Any CPU.Build.0 = Debug|Any CPU
		{DD2C7E32-897F-461A-BFF1-8C0E627C9E4A}.Release|Any CPU.ActiveCfg = Release|Any CPU
		{DD2C7E32-897F-461A-BFF1-8C0E627C9E4A}.Release|Any CPU.Build.0 = Release|Any CPU
	EndGlobalSection
	GlobalSection(SolutionProperties) = preSolution
		HideSolutionNode = FALSE
	EndGlobalSection
	GlobalSection(ExtensibilityGlobals) = postSolution
		SolutionGuid = {0A2109EE-0362-489C-AAC1-09F0DC7CE218}
	EndGlobalSection
EndGlobal
